// !$*UTF8*$!
{
	archiveVersion = 1;
	classes = {
	};
	objectVersion = 56;
	objects = {

/* Begin PBXBuildFile section */
		F8B11AC128F45825005DE5D5 /* AppDelegate.swift in Sources */ = {isa = PBXBuildFile; fileRef = F8B11AC028F45825005DE5D5 /* AppDelegate.swift */; };
		F8B11AC328F45825005DE5D5 /* SceneDelegate.swift in Sources */ = {isa = PBXBuildFile; fileRef = F8B11AC228F45825005DE5D5 /* SceneDelegate.swift */; };
		F8B11AC528F45825005DE5D5 /* ViewController.swift in Sources */ = {isa = PBXBuildFile; fileRef = F8B11AC428F45825005DE5D5 /* ViewController.swift */; };
		F8B11AC828F45825005DE5D5 /* Main.storyboard in Resources */ = {isa = PBXBuildFile; fileRef = F8B11AC628F45825005DE5D5 /* Main.storyboard */; };
		F8B11ACB28F45825005DE5D5 /* Individual_Challenge.xcdatamodeld in Sources */ = {isa = PBXBuildFile; fileRef = F8B11AC928F45825005DE5D5 /* Individual_Challenge.xcdatamodeld */; };
		F8B11ACD28F45826005DE5D5 /* Assets.xcassets in Resources */ = {isa = PBXBuildFile; fileRef = F8B11ACC28F45826005DE5D5 /* Assets.xcassets */; };
		F8B11AD028F45826005DE5D5 /* LaunchScreen.storyboard in Resources */ = {isa = PBXBuildFile; fileRef = F8B11ACE28F45826005DE5D5 /* LaunchScreen.storyboard */; };
		F8B11ADB28F45826005DE5D5 /* IndividualChallengeTests.swift in Sources */ = {isa = PBXBuildFile; fileRef = F8B11ADA28F45826005DE5D5 /* IndividualChallengeTests.swift */; };
		F8B11AE528F45826005DE5D5 /* IndividualChallengeUITests.swift in Sources */ = {isa = PBXBuildFile; fileRef = F8B11AE428F45826005DE5D5 /* IndividualChallengeUITests.swift */; };
		F8B11AE728F45826005DE5D5 /* IndividualChallengeUITestsLaunchTests.swift in Sources */ = {isa = PBXBuildFile; fileRef = F8B11AE628F45826005DE5D5 /* IndividualChallengeUITestsLaunchTests.swift */; };
		F8B11AFB28F594B6005DE5D5 /* API.swift in Sources */ = {isa = PBXBuildFile; fileRef = F8B11AFA28F594B6005DE5D5 /* API.swift */; };
		F8B11AFD28F5AC29005DE5D5 /* Recipe.swift in Sources */ = {isa = PBXBuildFile; fileRef = F8B11AFC28F5AC29005DE5D5 /* Recipe.swift */; };
		F8B11AFF28F5B2F5005DE5D5 /* Results.swift in Sources */ = {isa = PBXBuildFile; fileRef = F8B11AFE28F5B2F5005DE5D5 /* Results.swift */; };
		F8B11B0328F97F58005DE5D5 /* FavoriteRecipe+CoreDataClass.swift in Sources */ = {isa = PBXBuildFile; fileRef = F8B11B0128F97F58005DE5D5 /* FavoriteRecipe+CoreDataClass.swift */; };
		F8B11B0428F97F58005DE5D5 /* FavoriteRecipe+CoreDataProperties.swift in Sources */ = {isa = PBXBuildFile; fileRef = F8B11B0228F97F58005DE5D5 /* FavoriteRecipe+CoreDataProperties.swift */; };
		F8B11B0728F9822D005DE5D5 /* CoreDataViewController.swift in Sources */ = {isa = PBXBuildFile; fileRef = F8B11B0628F9822D005DE5D5 /* CoreDataViewController.swift */; };
		F8B11B0B28F99C7C005DE5D5 /* SearchScreenViewController.swift in Sources */ = {isa = PBXBuildFile; fileRef = F8B11B0A28F99C7C005DE5D5 /* SearchScreenViewController.swift */; };
		F8B11B0D28F99C93005DE5D5 /* SearchScreenView.swift in Sources */ = {isa = PBXBuildFile; fileRef = F8B11B0C28F99C93005DE5D5 /* SearchScreenView.swift */; };
		F8B11B1028F9EA6A005DE5D5 /* Lottie in Frameworks */ = {isa = PBXBuildFile; productRef = F8B11B0F28F9EA6A005DE5D5 /* Lottie */; };
		F8B11B1C28FA08A2005DE5D5 /* Gif.swift in Sources */ = {isa = PBXBuildFile; fileRef = F8B11B1B28FA08A2005DE5D5 /* Gif.swift */; };
		F8B11B1E28FAEDE9005DE5D5 /* food.gif in Resources */ = {isa = PBXBuildFile; fileRef = F8B11B1D28FAEDE9005DE5D5 /* food.gif */; };
		F8B11B2028FB0468005DE5D5 /* VeganFoodView.swift in Sources */ = {isa = PBXBuildFile; fileRef = F8B11B1F28FB0468005DE5D5 /* VeganFoodView.swift */; };
		F8B11B2228FB04B8005DE5D5 /* VeganFoodViewController.swift in Sources */ = {isa = PBXBuildFile; fileRef = F8B11B2128FB04B8005DE5D5 /* VeganFoodViewController.swift */; };
		F8B11B2728FB1107005DE5D5 /* DairyFreeView.swift in Sources */ = {isa = PBXBuildFile; fileRef = F8B11B2628FB1107005DE5D5 /* DairyFreeView.swift */; };
		F8B11B2928FB1115005DE5D5 /* GlutenFreeView.swift in Sources */ = {isa = PBXBuildFile; fileRef = F8B11B2828FB1115005DE5D5 /* GlutenFreeView.swift */; };
		F8B11B2D28FB155D005DE5D5 /* GlutenFreeViewController.swift in Sources */ = {isa = PBXBuildFile; fileRef = F8B11B2C28FB155D005DE5D5 /* GlutenFreeViewController.swift */; };
		F8B11B3028FDDBF6005DE5D5 /* DairyFreeViewController.swift in Sources */ = {isa = PBXBuildFile; fileRef = F8B11B2F28FDDBF6005DE5D5 /* DairyFreeViewController.swift */; };
		F8B11B3328FE0F60005DE5D5 /* RecipesCollectionViewController.swift in Sources */ = {isa = PBXBuildFile; fileRef = F8B11B3228FE0F60005DE5D5 /* RecipesCollectionViewController.swift */; };
		F8B11B3628FE1117005DE5D5 /* RecipesCollectionViewCell.swift in Sources */ = {isa = PBXBuildFile; fileRef = F8B11B3528FE1117005DE5D5 /* RecipesCollectionViewCell.swift */; };
/* End PBXBuildFile section */

/* Begin PBXContainerItemProxy section */
		F8B11AD728F45826005DE5D5 /* PBXContainerItemProxy */ = {
			isa = PBXContainerItemProxy;
			containerPortal = F8B11AB528F45825005DE5D5 /* Project object */;
			proxyType = 1;
			remoteGlobalIDString = F8B11ABC28F45825005DE5D5;
			remoteInfo = "Individual-Challenge";
		};
		F8B11AE128F45826005DE5D5 /* PBXContainerItemProxy */ = {
			isa = PBXContainerItemProxy;
			containerPortal = F8B11AB528F45825005DE5D5 /* Project object */;
			proxyType = 1;
			remoteGlobalIDString = F8B11ABC28F45825005DE5D5;
			remoteInfo = "Individual-Challenge";
		};
/* End PBXContainerItemProxy section */

/* Begin PBXFileReference section */
		F8B11ABD28F45825005DE5D5 /* Individual-Challenge.app */ = {isa = PBXFileReference; explicitFileType = wrapper.application; includeInIndex = 0; path = "Individual-Challenge.app"; sourceTree = BUILT_PRODUCTS_DIR; };
		F8B11AC028F45825005DE5D5 /* AppDelegate.swift */ = {isa = PBXFileReference; lastKnownFileType = sourcecode.swift; path = AppDelegate.swift; sourceTree = "<group>"; };
		F8B11AC228F45825005DE5D5 /* SceneDelegate.swift */ = {isa = PBXFileReference; lastKnownFileType = sourcecode.swift; path = SceneDelegate.swift; sourceTree = "<group>"; };
		F8B11AC428F45825005DE5D5 /* ViewController.swift */ = {isa = PBXFileReference; lastKnownFileType = sourcecode.swift; path = ViewController.swift; sourceTree = "<group>"; };
		F8B11AC728F45825005DE5D5 /* Base */ = {isa = PBXFileReference; lastKnownFileType = file.storyboard; name = Base; path = Base.lproj/Main.storyboard; sourceTree = "<group>"; };
		F8B11ACA28F45825005DE5D5 /* Individual_Challenge.xcdatamodel */ = {isa = PBXFileReference; lastKnownFileType = wrapper.xcdatamodel; path = Individual_Challenge.xcdatamodel; sourceTree = "<group>"; };
		F8B11ACC28F45826005DE5D5 /* Assets.xcassets */ = {isa = PBXFileReference; lastKnownFileType = folder.assetcatalog; path = Assets.xcassets; sourceTree = "<group>"; };
		F8B11ACF28F45826005DE5D5 /* Base */ = {isa = PBXFileReference; lastKnownFileType = file.storyboard; name = Base; path = Base.lproj/LaunchScreen.storyboard; sourceTree = "<group>"; };
		F8B11AD128F45826005DE5D5 /* Info.plist */ = {isa = PBXFileReference; lastKnownFileType = text.plist.xml; path = Info.plist; sourceTree = "<group>"; };
		F8B11AD628F45826005DE5D5 /* Individual-ChallengeTests.xctest */ = {isa = PBXFileReference; explicitFileType = wrapper.cfbundle; includeInIndex = 0; path = "Individual-ChallengeTests.xctest"; sourceTree = BUILT_PRODUCTS_DIR; };
		F8B11ADA28F45826005DE5D5 /* IndividualChallengeTests.swift */ = {isa = PBXFileReference; lastKnownFileType = sourcecode.swift; path = IndividualChallengeTests.swift; sourceTree = "<group>"; };
		F8B11AE028F45826005DE5D5 /* Individual-ChallengeUITests.xctest */ = {isa = PBXFileReference; explicitFileType = wrapper.cfbundle; includeInIndex = 0; path = "Individual-ChallengeUITests.xctest"; sourceTree = BUILT_PRODUCTS_DIR; };
		F8B11AE428F45826005DE5D5 /* IndividualChallengeUITests.swift */ = {isa = PBXFileReference; lastKnownFileType = sourcecode.swift; path = IndividualChallengeUITests.swift; sourceTree = "<group>"; };
		F8B11AE628F45826005DE5D5 /* IndividualChallengeUITestsLaunchTests.swift */ = {isa = PBXFileReference; lastKnownFileType = sourcecode.swift; path = IndividualChallengeUITestsLaunchTests.swift; sourceTree = "<group>"; };
		F8B11AFA28F594B6005DE5D5 /* API.swift */ = {isa = PBXFileReference; lastKnownFileType = sourcecode.swift; path = API.swift; sourceTree = "<group>"; };
		F8B11AFC28F5AC29005DE5D5 /* Recipe.swift */ = {isa = PBXFileReference; lastKnownFileType = sourcecode.swift; path = Recipe.swift; sourceTree = "<group>"; };
		F8B11AFE28F5B2F5005DE5D5 /* Results.swift */ = {isa = PBXFileReference; lastKnownFileType = sourcecode.swift; path = Results.swift; sourceTree = "<group>"; };
		F8B11B0128F97F58005DE5D5 /* FavoriteRecipe+CoreDataClass.swift */ = {isa = PBXFileReference; lastKnownFileType = sourcecode.swift; path = "FavoriteRecipe+CoreDataClass.swift"; sourceTree = "<group>"; };
		F8B11B0228F97F58005DE5D5 /* FavoriteRecipe+CoreDataProperties.swift */ = {isa = PBXFileReference; lastKnownFileType = sourcecode.swift; path = "FavoriteRecipe+CoreDataProperties.swift"; sourceTree = "<group>"; };
		F8B11B0628F9822D005DE5D5 /* CoreDataViewController.swift */ = {isa = PBXFileReference; lastKnownFileType = sourcecode.swift; path = CoreDataViewController.swift; sourceTree = "<group>"; };
		F8B11B0A28F99C7C005DE5D5 /* SearchScreenViewController.swift */ = {isa = PBXFileReference; lastKnownFileType = sourcecode.swift; path = SearchScreenViewController.swift; sourceTree = "<group>"; };
		F8B11B0C28F99C93005DE5D5 /* SearchScreenView.swift */ = {isa = PBXFileReference; lastKnownFileType = sourcecode.swift; path = SearchScreenView.swift; sourceTree = "<group>"; };
		F8B11B1B28FA08A2005DE5D5 /* Gif.swift */ = {isa = PBXFileReference; lastKnownFileType = sourcecode.swift; path = Gif.swift; sourceTree = "<group>"; };
		F8B11B1D28FAEDE9005DE5D5 /* food.gif */ = {isa = PBXFileReference; lastKnownFileType = image.gif; path = food.gif; sourceTree = "<group>"; };
		F8B11B1F28FB0468005DE5D5 /* VeganFoodView.swift */ = {isa = PBXFileReference; lastKnownFileType = sourcecode.swift; path = VeganFoodView.swift; sourceTree = "<group>"; };
		F8B11B2128FB04B8005DE5D5 /* VeganFoodViewController.swift */ = {isa = PBXFileReference; lastKnownFileType = sourcecode.swift; path = VeganFoodViewController.swift; sourceTree = "<group>"; };
		F8B11B2628FB1107005DE5D5 /* DairyFreeView.swift */ = {isa = PBXFileReference; lastKnownFileType = sourcecode.swift; path = DairyFreeView.swift; sourceTree = "<group>"; };
		F8B11B2828FB1115005DE5D5 /* GlutenFreeView.swift */ = {isa = PBXFileReference; lastKnownFileType = sourcecode.swift; path = GlutenFreeView.swift; sourceTree = "<group>"; };
		F8B11B2C28FB155D005DE5D5 /* GlutenFreeViewController.swift */ = {isa = PBXFileReference; lastKnownFileType = sourcecode.swift; path = GlutenFreeViewController.swift; sourceTree = "<group>"; };
		F8B11B2F28FDDBF6005DE5D5 /* DairyFreeViewController.swift */ = {isa = PBXFileReference; lastKnownFileType = sourcecode.swift; path = DairyFreeViewController.swift; sourceTree = "<group>"; };
		F8B11B3228FE0F60005DE5D5 /* RecipesCollectionViewController.swift */ = {isa = PBXFileReference; lastKnownFileType = sourcecode.swift; path = RecipesCollectionViewController.swift; sourceTree = "<group>"; };
		F8B11B3528FE1117005DE5D5 /* RecipesCollectionViewCell.swift */ = {isa = PBXFileReference; lastKnownFileType = sourcecode.swift; path = RecipesCollectionViewCell.swift; sourceTree = "<group>"; };
/* End PBXFileReference section */

/* Begin PBXFrameworksBuildPhase section */
		F8B11ABA28F45825005DE5D5 /* Frameworks */ = {
			isa = PBXFrameworksBuildPhase;
			buildActionMask = 2147483647;
			files = (
				F8B11B1028F9EA6A005DE5D5 /* Lottie in Frameworks */,
			);
			runOnlyForDeploymentPostprocessing = 0;
		};
		F8B11AD328F45826005DE5D5 /* Frameworks */ = {
			isa = PBXFrameworksBuildPhase;
			buildActionMask = 2147483647;
			files = (
			);
			runOnlyForDeploymentPostprocessing = 0;
		};
		F8B11ADD28F45826005DE5D5 /* Frameworks */ = {
			isa = PBXFrameworksBuildPhase;
			buildActionMask = 2147483647;
			files = (
			);
			runOnlyForDeploymentPostprocessing = 0;
		};
/* End PBXFrameworksBuildPhase section */

/* Begin PBXGroup section */
		F8B11AB428F45825005DE5D5 = {
			isa = PBXGroup;
			children = (
				F8B11ABF28F45825005DE5D5 /* Individual-Challenge */,
				F8B11AD928F45826005DE5D5 /* Individual-ChallengeTests */,
				F8B11AE328F45826005DE5D5 /* Individual-ChallengeUITests */,
				F8B11ABE28F45825005DE5D5 /* Products */,
			);
			sourceTree = "<group>";
		};
		F8B11ABE28F45825005DE5D5 /* Products */ = {
			isa = PBXGroup;
			children = (
				F8B11ABD28F45825005DE5D5 /* Individual-Challenge.app */,
				F8B11AD628F45826005DE5D5 /* Individual-ChallengeTests.xctest */,
				F8B11AE028F45826005DE5D5 /* Individual-ChallengeUITests.xctest */,
			);
			name = Products;
			sourceTree = "<group>";
		};
		F8B11ABF28F45825005DE5D5 /* Individual-Challenge */ = {
			isa = PBXGroup;
			children = (
				F8B11B0828F98243005DE5D5 /* View */,
				F8B11B0028F83166005DE5D5 /* ViewModel */,
				F8B11AF928F5942F005DE5D5 /* Models */,
				F8B11AC028F45825005DE5D5 /* AppDelegate.swift */,
				F8B11AC228F45825005DE5D5 /* SceneDelegate.swift */,
				F8B11AC628F45825005DE5D5 /* Main.storyboard */,
				F8B11ACE28F45826005DE5D5 /* LaunchScreen.storyboard */,
				F8B11AD128F45826005DE5D5 /* Info.plist */,
				F8B11AC928F45825005DE5D5 /* Individual_Challenge.xcdatamodeld */,
			);
			path = "Individual-Challenge";
			sourceTree = "<group>";
		};
		F8B11AD928F45826005DE5D5 /* Individual-ChallengeTests */ = {
			isa = PBXGroup;
			children = (
				F8B11ADA28F45826005DE5D5 /* IndividualChallengeTests.swift */,
			);
			path = "Individual-ChallengeTests";
			sourceTree = "<group>";
		};
		F8B11AE328F45826005DE5D5 /* Individual-ChallengeUITests */ = {
			isa = PBXGroup;
			children = (
				F8B11AE428F45826005DE5D5 /* IndividualChallengeUITests.swift */,
				F8B11AE628F45826005DE5D5 /* IndividualChallengeUITestsLaunchTests.swift */,
			);
			path = "Individual-ChallengeUITests";
			sourceTree = "<group>";
		};
		F8B11AF628F5860D005DE5D5 /* API */ = {
			isa = PBXGroup;
			children = (
				F8B11AFA28F594B6005DE5D5 /* API.swift */,
			);
			path = API;
			sourceTree = "<group>";
		};
		F8B11AF928F5942F005DE5D5 /* Models */ = {
			isa = PBXGroup;
			children = (
				F8B11B0128F97F58005DE5D5 /* FavoriteRecipe+CoreDataClass.swift */,
				F8B11B0228F97F58005DE5D5 /* FavoriteRecipe+CoreDataProperties.swift */,
				F8B11AFC28F5AC29005DE5D5 /* Recipe.swift */,
				F8B11AFE28F5B2F5005DE5D5 /* Results.swift */,
			);
			path = Models;
			sourceTree = "<group>";
		};
		F8B11B0028F83166005DE5D5 /* ViewModel */ = {
			isa = PBXGroup;
			children = (
				F8B11B3428FE10F8005DE5D5 /* CollectionView */,
				F8B11B0928F98250005DE5D5 /* Controllers */,
				F8B11AF628F5860D005DE5D5 /* API */,
			);
			path = ViewModel;
			sourceTree = "<group>";
		};
		F8B11B0828F98243005DE5D5 /* View */ = {
			isa = PBXGroup;
			children = (
				F8B11B3128FDDC0F005DE5D5 /* Diets */,
				F8B11B1128F9EAF1005DE5D5 /* Assets */,
				F8B11B0C28F99C93005DE5D5 /* SearchScreenView.swift */,
			);
			path = View;
			sourceTree = "<group>";
		};
		F8B11B0928F98250005DE5D5 /* Controllers */ = {
			isa = PBXGroup;
			children = (
				F8B11B2E28FDDBBE005DE5D5 /* Diets */,
				F8B11B0628F9822D005DE5D5 /* CoreDataViewController.swift */,
				F8B11AC428F45825005DE5D5 /* ViewController.swift */,
				F8B11B0A28F99C7C005DE5D5 /* SearchScreenViewController.swift */,
			);
			path = Controllers;
			sourceTree = "<group>";
		};
		F8B11B1128F9EAF1005DE5D5 /* Assets */ = {
			isa = PBXGroup;
			children = (
				F8B11B2328FB06BA005DE5D5 /* Services */,
				F8B11B1D28FAEDE9005DE5D5 /* food.gif */,
				F8B11ACC28F45826005DE5D5 /* Assets.xcassets */,
			);
			path = Assets;
			sourceTree = "<group>";
		};
		F8B11B2328FB06BA005DE5D5 /* Services */ = {
			isa = PBXGroup;
			children = (
				F8B11B1B28FA08A2005DE5D5 /* Gif.swift */,
			);
			path = Services;
			sourceTree = "<group>";
		};
		F8B11B2E28FDDBBE005DE5D5 /* Diets */ = {
			isa = PBXGroup;
			children = (
				F8B11B2128FB04B8005DE5D5 /* VeganFoodViewController.swift */,
				F8B11B2C28FB155D005DE5D5 /* GlutenFreeViewController.swift */,
				F8B11B2F28FDDBF6005DE5D5 /* DairyFreeViewController.swift */,
			);
			path = Diets;
			sourceTree = "<group>";
		};
		F8B11B3128FDDC0F005DE5D5 /* Diets */ = {
			isa = PBXGroup;
			children = (
				F8B11B1F28FB0468005DE5D5 /* VeganFoodView.swift */,
				F8B11B2628FB1107005DE5D5 /* DairyFreeView.swift */,
				F8B11B2828FB1115005DE5D5 /* GlutenFreeView.swift */,
			);
			path = Diets;
			sourceTree = "<group>";
		};
		F8B11B3428FE10F8005DE5D5 /* CollectionView */ = {
			isa = PBXGroup;
			children = (
				F8B11B3228FE0F60005DE5D5 /* RecipesCollectionViewController.swift */,
				F8B11B3528FE1117005DE5D5 /* RecipesCollectionViewCell.swift */,
			);
			path = CollectionView;
			sourceTree = "<group>";
		};
/* End PBXGroup section */

/* Begin PBXNativeTarget section */
		F8B11ABC28F45825005DE5D5 /* Individual-Challenge */ = {
			isa = PBXNativeTarget;
			buildConfigurationList = F8B11AEA28F45826005DE5D5 /* Build configuration list for PBXNativeTarget "Individual-Challenge" */;
			buildPhases = (
				F8B11AB928F45825005DE5D5 /* Sources */,
				F8B11ABA28F45825005DE5D5 /* Frameworks */,
				F8B11ABB28F45825005DE5D5 /* Resources */,
				F8B11AF328F46260005DE5D5 /* Run Script */,
			);
			buildRules = (
			);
			dependencies = (
			);
			name = "Individual-Challenge";
			packageProductDependencies = (
				F8B11B0F28F9EA6A005DE5D5 /* Lottie */,
			);
			productName = "Individual-Challenge";
			productReference = F8B11ABD28F45825005DE5D5 /* Individual-Challenge.app */;
			productType = "com.apple.product-type.application";
		};
		F8B11AD528F45826005DE5D5 /* Individual-ChallengeTests */ = {
			isa = PBXNativeTarget;
			buildConfigurationList = F8B11AED28F45826005DE5D5 /* Build configuration list for PBXNativeTarget "Individual-ChallengeTests" */;
			buildPhases = (
				F8B11AD228F45826005DE5D5 /* Sources */,
				F8B11AD328F45826005DE5D5 /* Frameworks */,
				F8B11AD428F45826005DE5D5 /* Resources */,
			);
			buildRules = (
			);
			dependencies = (
				F8B11AD828F45826005DE5D5 /* PBXTargetDependency */,
			);
			name = "Individual-ChallengeTests";
			productName = "Individual-ChallengeTests";
			productReference = F8B11AD628F45826005DE5D5 /* Individual-ChallengeTests.xctest */;
			productType = "com.apple.product-type.bundle.unit-test";
		};
		F8B11ADF28F45826005DE5D5 /* Individual-ChallengeUITests */ = {
			isa = PBXNativeTarget;
			buildConfigurationList = F8B11AF028F45826005DE5D5 /* Build configuration list for PBXNativeTarget "Individual-ChallengeUITests" */;
			buildPhases = (
				F8B11ADC28F45826005DE5D5 /* Sources */,
				F8B11ADD28F45826005DE5D5 /* Frameworks */,
				F8B11ADE28F45826005DE5D5 /* Resources */,
			);
			buildRules = (
			);
			dependencies = (
				F8B11AE228F45826005DE5D5 /* PBXTargetDependency */,
			);
			name = "Individual-ChallengeUITests";
			productName = "Individual-ChallengeUITests";
			productReference = F8B11AE028F45826005DE5D5 /* Individual-ChallengeUITests.xctest */;
			productType = "com.apple.product-type.bundle.ui-testing";
		};
/* End PBXNativeTarget section */

/* Begin PBXProject section */
		F8B11AB528F45825005DE5D5 /* Project object */ = {
			isa = PBXProject;
			attributes = {
				BuildIndependentTargetsInParallel = 1;
				LastSwiftUpdateCheck = 1400;
				LastUpgradeCheck = 1400;
				TargetAttributes = {
					F8B11ABC28F45825005DE5D5 = {
						CreatedOnToolsVersion = 14.0.1;
					};
					F8B11AD528F45826005DE5D5 = {
						CreatedOnToolsVersion = 14.0.1;
						TestTargetID = F8B11ABC28F45825005DE5D5;
					};
					F8B11ADF28F45826005DE5D5 = {
						CreatedOnToolsVersion = 14.0.1;
						TestTargetID = F8B11ABC28F45825005DE5D5;
					};
				};
			};
			buildConfigurationList = F8B11AB828F45825005DE5D5 /* Build configuration list for PBXProject "Individual-Challenge" */;
			compatibilityVersion = "Xcode 14.0";
			developmentRegion = en;
			hasScannedForEncodings = 0;
			knownRegions = (
				en,
				Base,
			);
			mainGroup = F8B11AB428F45825005DE5D5;
			packageReferences = (
				F8B11B0E28F9EA6A005DE5D5 /* XCRemoteSwiftPackageReference "lottie-ios" */,
			);
			productRefGroup = F8B11ABE28F45825005DE5D5 /* Products */;
			projectDirPath = "";
			projectRoot = "";
			targets = (
				F8B11ABC28F45825005DE5D5 /* Individual-Challenge */,
				F8B11AD528F45826005DE5D5 /* Individual-ChallengeTests */,
				F8B11ADF28F45826005DE5D5 /* Individual-ChallengeUITests */,
			);
		};
/* End PBXProject section */

/* Begin PBXResourcesBuildPhase section */
		F8B11ABB28F45825005DE5D5 /* Resources */ = {
			isa = PBXResourcesBuildPhase;
			buildActionMask = 2147483647;
			files = (
				F8B11AD028F45826005DE5D5 /* LaunchScreen.storyboard in Resources */,
				F8B11B1E28FAEDE9005DE5D5 /* food.gif in Resources */,
				F8B11ACD28F45826005DE5D5 /* Assets.xcassets in Resources */,
				F8B11AC828F45825005DE5D5 /* Main.storyboard in Resources */,
			);
			runOnlyForDeploymentPostprocessing = 0;
		};
		F8B11AD428F45826005DE5D5 /* Resources */ = {
			isa = PBXResourcesBuildPhase;
			buildActionMask = 2147483647;
			files = (
			);
			runOnlyForDeploymentPostprocessing = 0;
		};
		F8B11ADE28F45826005DE5D5 /* Resources */ = {
			isa = PBXResourcesBuildPhase;
			buildActionMask = 2147483647;
			files = (
			);
			runOnlyForDeploymentPostprocessing = 0;
		};
/* End PBXResourcesBuildPhase section */

/* Begin PBXShellScriptBuildPhase section */
		F8B11AF328F46260005DE5D5 /* Run Script */ = {
			isa = PBXShellScriptBuildPhase;
			buildActionMask = 2147483647;
			files = (
			);
			inputFileListPaths = (
			);
			inputPaths = (
			);
			name = "Run Script";
			outputFileListPaths = (
			);
			outputPaths = (
			);
			runOnlyForDeploymentPostprocessing = 0;
			shellPath = /bin/sh;
			shellScript = "# Type a script or drag a script file from your workspace to insert its path.\nexport PATH=\"$PATH:/opt/homebrew/bin\"\nif which swiftlint > /dev/null; then\n  swiftlint\nelse\n  echo \"warning: SwiftLint not installed, download from https://github.com/realm/SwiftLint\"\nfi\n";
		};
/* End PBXShellScriptBuildPhase section */

/* Begin PBXSourcesBuildPhase section */
		F8B11AB928F45825005DE5D5 /* Sources */ = {
			isa = PBXSourcesBuildPhase;
			buildActionMask = 2147483647;
			files = (
				F8B11B2028FB0468005DE5D5 /* VeganFoodView.swift in Sources */,
				F8B11B0B28F99C7C005DE5D5 /* SearchScreenViewController.swift in Sources */,
				F8B11B3628FE1117005DE5D5 /* RecipesCollectionViewCell.swift in Sources */,
				F8B11B3028FDDBF6005DE5D5 /* DairyFreeViewController.swift in Sources */,
				F8B11B3328FE0F60005DE5D5 /* RecipesCollectionViewController.swift in Sources */,
				F8B11ACB28F45825005DE5D5 /* Individual_Challenge.xcdatamodeld in Sources */,
				F8B11AFD28F5AC29005DE5D5 /* Recipe.swift in Sources */,
				F8B11B2728FB1107005DE5D5 /* DairyFreeView.swift in Sources */,
				F8B11AC528F45825005DE5D5 /* ViewController.swift in Sources */,
				F8B11B2228FB04B8005DE5D5 /* VeganFoodViewController.swift in Sources */,
				F8B11B0728F9822D005DE5D5 /* CoreDataViewController.swift in Sources */,
				F8B11AFF28F5B2F5005DE5D5 /* Results.swift in Sources */,
				F8B11AC128F45825005DE5D5 /* AppDelegate.swift in Sources */,
				F8B11B0328F97F58005DE5D5 /* FavoriteRecipe+CoreDataClass.swift in Sources */,
				F8B11AFB28F594B6005DE5D5 /* API.swift in Sources */,
				F8B11B2928FB1115005DE5D5 /* GlutenFreeView.swift in Sources */,
				F8B11B0428F97F58005DE5D5 /* FavoriteRecipe+CoreDataProperties.swift in Sources */,
				F8B11B1C28FA08A2005DE5D5 /* Gif.swift in Sources */,
				F8B11B2D28FB155D005DE5D5 /* GlutenFreeViewController.swift in Sources */,
				F8B11B0D28F99C93005DE5D5 /* SearchScreenView.swift in Sources */,
				F8B11AC328F45825005DE5D5 /* SceneDelegate.swift in Sources */,
			);
			runOnlyForDeploymentPostprocessing = 0;
		};
		F8B11AD228F45826005DE5D5 /* Sources */ = {
			isa = PBXSourcesBuildPhase;
			buildActionMask = 2147483647;
			files = (
				F8B11ADB28F45826005DE5D5 /* IndividualChallengeTests.swift in Sources */,
			);
			runOnlyForDeploymentPostprocessing = 0;
		};
		F8B11ADC28F45826005DE5D5 /* Sources */ = {
			isa = PBXSourcesBuildPhase;
			buildActionMask = 2147483647;
			files = (
				F8B11AE528F45826005DE5D5 /* IndividualChallengeUITests.swift in Sources */,
				F8B11AE728F45826005DE5D5 /* IndividualChallengeUITestsLaunchTests.swift in Sources */,
			);
			runOnlyForDeploymentPostprocessing = 0;
		};
/* End PBXSourcesBuildPhase section */

/* Begin PBXTargetDependency section */
		F8B11AD828F45826005DE5D5 /* PBXTargetDependency */ = {
			isa = PBXTargetDependency;
			target = F8B11ABC28F45825005DE5D5 /* Individual-Challenge */;
			targetProxy = F8B11AD728F45826005DE5D5 /* PBXContainerItemProxy */;
		};
		F8B11AE228F45826005DE5D5 /* PBXTargetDependency */ = {
			isa = PBXTargetDependency;
			target = F8B11ABC28F45825005DE5D5 /* Individual-Challenge */;
			targetProxy = F8B11AE128F45826005DE5D5 /* PBXContainerItemProxy */;
		};
/* End PBXTargetDependency section */

/* Begin PBXVariantGroup section */
		F8B11AC628F45825005DE5D5 /* Main.storyboard */ = {
			isa = PBXVariantGroup;
			children = (
				F8B11AC728F45825005DE5D5 /* Base */,
			);
			name = Main.storyboard;
			sourceTree = "<group>";
		};
		F8B11ACE28F45826005DE5D5 /* LaunchScreen.storyboard */ = {
			isa = PBXVariantGroup;
			children = (
				F8B11ACF28F45826005DE5D5 /* Base */,
			);
			name = LaunchScreen.storyboard;
			sourceTree = "<group>";
		};
/* End PBXVariantGroup section */

/* Begin XCBuildConfiguration section */
		F8B11AE828F45826005DE5D5 /* Debug */ = {
			isa = XCBuildConfiguration;
			buildSettings = {
				ALWAYS_SEARCH_USER_PATHS = NO;
				CLANG_ANALYZER_NONNULL = YES;
				CLANG_ANALYZER_NUMBER_OBJECT_CONVERSION = YES_AGGRESSIVE;
				CLANG_CXX_LANGUAGE_STANDARD = "gnu++20";
				CLANG_ENABLE_MODULES = YES;
				CLANG_ENABLE_OBJC_ARC = YES;
				CLANG_ENABLE_OBJC_WEAK = YES;
				CLANG_WARN_BLOCK_CAPTURE_AUTORELEASING = YES;
				CLANG_WARN_BOOL_CONVERSION = YES;
				CLANG_WARN_COMMA = YES;
				CLANG_WARN_CONSTANT_CONVERSION = YES;
				CLANG_WARN_DEPRECATED_OBJC_IMPLEMENTATIONS = YES;
				CLANG_WARN_DIRECT_OBJC_ISA_USAGE = YES_ERROR;
				CLANG_WARN_DOCUMENTATION_COMMENTS = YES;
				CLANG_WARN_EMPTY_BODY = YES;
				CLANG_WARN_ENUM_CONVERSION = YES;
				CLANG_WARN_INFINITE_RECURSION = YES;
				CLANG_WARN_INT_CONVERSION = YES;
				CLANG_WARN_NON_LITERAL_NULL_CONVERSION = YES;
				CLANG_WARN_OBJC_IMPLICIT_RETAIN_SELF = YES;
				CLANG_WARN_OBJC_LITERAL_CONVERSION = YES;
				CLANG_WARN_OBJC_ROOT_CLASS = YES_ERROR;
				CLANG_WARN_QUOTED_INCLUDE_IN_FRAMEWORK_HEADER = YES;
				CLANG_WARN_RANGE_LOOP_ANALYSIS = YES;
				CLANG_WARN_STRICT_PROTOTYPES = YES;
				CLANG_WARN_SUSPICIOUS_MOVE = YES;
				CLANG_WARN_UNGUARDED_AVAILABILITY = YES_AGGRESSIVE;
				CLANG_WARN_UNREACHABLE_CODE = YES;
				CLANG_WARN__DUPLICATE_METHOD_MATCH = YES;
				COPY_PHASE_STRIP = NO;
				DEBUG_INFORMATION_FORMAT = dwarf;
				ENABLE_STRICT_OBJC_MSGSEND = YES;
				ENABLE_TESTABILITY = YES;
				GCC_C_LANGUAGE_STANDARD = gnu11;
				GCC_DYNAMIC_NO_PIC = NO;
				GCC_NO_COMMON_BLOCKS = YES;
				GCC_OPTIMIZATION_LEVEL = 0;
				GCC_PREPROCESSOR_DEFINITIONS = (
					"DEBUG=1",
					"$(inherited)",
				);
				GCC_WARN_64_TO_32_BIT_CONVERSION = YES;
				GCC_WARN_ABOUT_RETURN_TYPE = YES_ERROR;
				GCC_WARN_UNDECLARED_SELECTOR = YES;
				GCC_WARN_UNINITIALIZED_AUTOS = YES_AGGRESSIVE;
				GCC_WARN_UNUSED_FUNCTION = YES;
				GCC_WARN_UNUSED_VARIABLE = YES;
				IPHONEOS_DEPLOYMENT_TARGET = 16.0;
				MTL_ENABLE_DEBUG_INFO = INCLUDE_SOURCE;
				MTL_FAST_MATH = YES;
				ONLY_ACTIVE_ARCH = YES;
				SDKROOT = iphoneos;
				SWIFT_ACTIVE_COMPILATION_CONDITIONS = DEBUG;
				SWIFT_OPTIMIZATION_LEVEL = "-Onone";
			};
			name = Debug;
		};
		F8B11AE928F45826005DE5D5 /* Release */ = {
			isa = XCBuildConfiguration;
			buildSettings = {
				ALWAYS_SEARCH_USER_PATHS = NO;
				CLANG_ANALYZER_NONNULL = YES;
				CLANG_ANALYZER_NUMBER_OBJECT_CONVERSION = YES_AGGRESSIVE;
				CLANG_CXX_LANGUAGE_STANDARD = "gnu++20";
				CLANG_ENABLE_MODULES = YES;
				CLANG_ENABLE_OBJC_ARC = YES;
				CLANG_ENABLE_OBJC_WEAK = YES;
				CLANG_WARN_BLOCK_CAPTURE_AUTORELEASING = YES;
				CLANG_WARN_BOOL_CONVERSION = YES;
				CLANG_WARN_COMMA = YES;
				CLANG_WARN_CONSTANT_CONVERSION = YES;
				CLANG_WARN_DEPRECATED_OBJC_IMPLEMENTATIONS = YES;
				CLANG_WARN_DIRECT_OBJC_ISA_USAGE = YES_ERROR;
				CLANG_WARN_DOCUMENTATION_COMMENTS = YES;
				CLANG_WARN_EMPTY_BODY = YES;
				CLANG_WARN_ENUM_CONVERSION = YES;
				CLANG_WARN_INFINITE_RECURSION = YES;
				CLANG_WARN_INT_CONVERSION = YES;
				CLANG_WARN_NON_LITERAL_NULL_CONVERSION = YES;
				CLANG_WARN_OBJC_IMPLICIT_RETAIN_SELF = YES;
				CLANG_WARN_OBJC_LITERAL_CONVERSION = YES;
				CLANG_WARN_OBJC_ROOT_CLASS = YES_ERROR;
				CLANG_WARN_QUOTED_INCLUDE_IN_FRAMEWORK_HEADER = YES;
				CLANG_WARN_RANGE_LOOP_ANALYSIS = YES;
				CLANG_WARN_STRICT_PROTOTYPES = YES;
				CLANG_WARN_SUSPICIOUS_MOVE = YES;
				CLANG_WARN_UNGUARDED_AVAILABILITY = YES_AGGRESSIVE;
				CLANG_WARN_UNREACHABLE_CODE = YES;
				CLANG_WARN__DUPLICATE_METHOD_MATCH = YES;
				COPY_PHASE_STRIP = NO;
				DEBUG_INFORMATION_FORMAT = "dwarf-with-dsym";
				ENABLE_NS_ASSERTIONS = NO;
				ENABLE_STRICT_OBJC_MSGSEND = YES;
				GCC_C_LANGUAGE_STANDARD = gnu11;
				GCC_NO_COMMON_BLOCKS = YES;
				GCC_WARN_64_TO_32_BIT_CONVERSION = YES;
				GCC_WARN_ABOUT_RETURN_TYPE = YES_ERROR;
				GCC_WARN_UNDECLARED_SELECTOR = YES;
				GCC_WARN_UNINITIALIZED_AUTOS = YES_AGGRESSIVE;
				GCC_WARN_UNUSED_FUNCTION = YES;
				GCC_WARN_UNUSED_VARIABLE = YES;
				IPHONEOS_DEPLOYMENT_TARGET = 16.0;
				MTL_ENABLE_DEBUG_INFO = NO;
				MTL_FAST_MATH = YES;
				SDKROOT = iphoneos;
				SWIFT_COMPILATION_MODE = wholemodule;
				SWIFT_OPTIMIZATION_LEVEL = "-O";
				VALIDATE_PRODUCT = YES;
			};
			name = Release;
		};
		F8B11AEB28F45826005DE5D5 /* Debug */ = {
			isa = XCBuildConfiguration;
			buildSettings = {
				ASSETCATALOG_COMPILER_APPICON_NAME = AppIcon;
				ASSETCATALOG_COMPILER_GLOBAL_ACCENT_COLOR_NAME = AccentColor;
				CODE_SIGN_STYLE = Automatic;
				CURRENT_PROJECT_VERSION = 1;
				DEVELOPMENT_TEAM = 88KH7Y2P56;
				GENERATE_INFOPLIST_FILE = YES;
				INFOPLIST_FILE = "Individual-Challenge/Info.plist";
				INFOPLIST_KEY_CFBundleDisplayName = "Recipe Me";
				INFOPLIST_KEY_UIApplicationSupportsIndirectInputEvents = YES;
				INFOPLIST_KEY_UILaunchStoryboardName = LaunchScreen;
				INFOPLIST_KEY_UIMainStoryboardFile = Main;
				INFOPLIST_KEY_UISupportedInterfaceOrientations_iPad = "UIInterfaceOrientationPortrait UIInterfaceOrientationPortraitUpsideDown UIInterfaceOrientationLandscapeLeft UIInterfaceOrientationLandscapeRight";
				INFOPLIST_KEY_UISupportedInterfaceOrientations_iPhone = "UIInterfaceOrientationPortrait UIInterfaceOrientationLandscapeLeft UIInterfaceOrientationLandscapeRight";
				LD_RUNPATH_SEARCH_PATHS = (
					"$(inherited)",
					"@executable_path/Frameworks",
				);
				MARKETING_VERSION = 1.0;
				PRODUCT_BUNDLE_IDENTIFIER = "com.ada.Individual-Challenge";
				PRODUCT_NAME = "$(TARGET_NAME)";
				SWIFT_EMIT_LOC_STRINGS = YES;
				SWIFT_VERSION = 5.0;
				TARGETED_DEVICE_FAMILY = "1,2";
			};
			name = Debug;
		};
		F8B11AEC28F45826005DE5D5 /* Release */ = {
			isa = XCBuildConfiguration;
			buildSettings = {
				ASSETCATALOG_COMPILER_APPICON_NAME = AppIcon;
				ASSETCATALOG_COMPILER_GLOBAL_ACCENT_COLOR_NAME = AccentColor;
				CODE_SIGN_STYLE = Automatic;
				CURRENT_PROJECT_VERSION = 1;
				DEVELOPMENT_TEAM = 88KH7Y2P56;
				GENERATE_INFOPLIST_FILE = YES;
				INFOPLIST_FILE = "Individual-Challenge/Info.plist";
				INFOPLIST_KEY_CFBundleDisplayName = "Recipe Me";
				INFOPLIST_KEY_UIApplicationSupportsIndirectInputEvents = YES;
				INFOPLIST_KEY_UILaunchStoryboardName = LaunchScreen;
				INFOPLIST_KEY_UIMainStoryboardFile = Main;
				INFOPLIST_KEY_UISupportedInterfaceOrientations_iPad = "UIInterfaceOrientationPortrait UIInterfaceOrientationPortraitUpsideDown UIInterfaceOrientationLandscapeLeft UIInterfaceOrientationLandscapeRight";
				INFOPLIST_KEY_UISupportedInterfaceOrientations_iPhone = "UIInterfaceOrientationPortrait UIInterfaceOrientationLandscapeLeft UIInterfaceOrientationLandscapeRight";
				LD_RUNPATH_SEARCH_PATHS = (
					"$(inherited)",
					"@executable_path/Frameworks",
				);
				MARKETING_VERSION = 1.0;
				PRODUCT_BUNDLE_IDENTIFIER = "com.ada.Individual-Challenge";
				PRODUCT_NAME = "$(TARGET_NAME)";
				SWIFT_EMIT_LOC_STRINGS = YES;
				SWIFT_VERSION = 5.0;
				TARGETED_DEVICE_FAMILY = "1,2";
			};
			name = Release;
		};
		F8B11AEE28F45826005DE5D5 /* Debug */ = {
			isa = XCBuildConfiguration;
			buildSettings = {
				ALWAYS_EMBED_SWIFT_STANDARD_LIBRARIES = YES;
				BUNDLE_LOADER = "$(TEST_HOST)";
				CODE_SIGN_STYLE = Automatic;
				CURRENT_PROJECT_VERSION = 1;
				DEVELOPMENT_TEAM = 88KH7Y2P56;
				GENERATE_INFOPLIST_FILE = YES;
				IPHONEOS_DEPLOYMENT_TARGET = 16.0;
				MARKETING_VERSION = 1.0;
				PRODUCT_BUNDLE_IDENTIFIER = "com.ada.Individual-ChallengeTests";
				PRODUCT_NAME = "$(TARGET_NAME)";
				SWIFT_EMIT_LOC_STRINGS = NO;
				SWIFT_VERSION = 5.0;
				TARGETED_DEVICE_FAMILY = "1,2";
				TEST_HOST = "$(BUILT_PRODUCTS_DIR)/Individual-Challenge.app/$(BUNDLE_EXECUTABLE_FOLDER_PATH)/Individual-Challenge";
			};
			name = Debug;
		};
		F8B11AEF28F45826005DE5D5 /* Release */ = {
			isa = XCBuildConfiguration;
			buildSettings = {
				ALWAYS_EMBED_SWIFT_STANDARD_LIBRARIES = YES;
				BUNDLE_LOADER = "$(TEST_HOST)";
				CODE_SIGN_STYLE = Automatic;
				CURRENT_PROJECT_VERSION = 1;
				DEVELOPMENT_TEAM = 88KH7Y2P56;
				GENERATE_INFOPLIST_FILE = YES;
				IPHONEOS_DEPLOYMENT_TARGET = 16.0;
				MARKETING_VERSION = 1.0;
				PRODUCT_BUNDLE_IDENTIFIER = "com.ada.Individual-ChallengeTests";
				PRODUCT_NAME = "$(TARGET_NAME)";
				SWIFT_EMIT_LOC_STRINGS = NO;
				SWIFT_VERSION = 5.0;
				TARGETED_DEVICE_FAMILY = "1,2";
				TEST_HOST = "$(BUILT_PRODUCTS_DIR)/Individual-Challenge.app/$(BUNDLE_EXECUTABLE_FOLDER_PATH)/Individual-Challenge";
			};
			name = Release;
		};
		F8B11AF128F45826005DE5D5 /* Debug */ = {
			isa = XCBuildConfiguration;
			buildSettings = {
				ALWAYS_EMBED_SWIFT_STANDARD_LIBRARIES = YES;
				CODE_SIGN_STYLE = Automatic;
				CURRENT_PROJECT_VERSION = 1;
				DEVELOPMENT_TEAM = 88KH7Y2P56;
				GENERATE_INFOPLIST_FILE = YES;
				MARKETING_VERSION = 1.0;
				PRODUCT_BUNDLE_IDENTIFIER = "com.ada.Individual-ChallengeUITests";
				PRODUCT_NAME = "$(TARGET_NAME)";
				SWIFT_EMIT_LOC_STRINGS = NO;
				SWIFT_VERSION = 5.0;
				TARGETED_DEVICE_FAMILY = "1,2";
				TEST_TARGET_NAME = "Individual-Challenge";
			};
			name = Debug;
		};
		F8B11AF228F45826005DE5D5 /* Release */ = {
			isa = XCBuildConfiguration;
			buildSettings = {
				ALWAYS_EMBED_SWIFT_STANDARD_LIBRARIES = YES;
				CODE_SIGN_STYLE = Automatic;
				CURRENT_PROJECT_VERSION = 1;
				DEVELOPMENT_TEAM = 88KH7Y2P56;
				GENERATE_INFOPLIST_FILE = YES;
				MARKETING_VERSION = 1.0;
				PRODUCT_BUNDLE_IDENTIFIER = "com.ada.Individual-ChallengeUITests";
				PRODUCT_NAME = "$(TARGET_NAME)";
				SWIFT_EMIT_LOC_STRINGS = NO;
				SWIFT_VERSION = 5.0;
				TARGETED_DEVICE_FAMILY = "1,2";
				TEST_TARGET_NAME = "Individual-Challenge";
			};
			name = Release;
		};
/* End XCBuildConfiguration section */

/* Begin XCConfigurationList section */
		F8B11AB828F45825005DE5D5 /* Build configuration list for PBXProject "Individual-Challenge" */ = {
			isa = XCConfigurationList;
			buildConfigurations = (
				F8B11AE828F45826005DE5D5 /* Debug */,
				F8B11AE928F45826005DE5D5 /* Release */,
			);
			defaultConfigurationIsVisible = 0;
			defaultConfigurationName = Release;
		};
		F8B11AEA28F45826005DE5D5 /* Build configuration list for PBXNativeTarget "Individual-Challenge" */ = {
			isa = XCConfigurationList;
			buildConfigurations = (
				F8B11AEB28F45826005DE5D5 /* Debug */,
				F8B11AEC28F45826005DE5D5 /* Release */,
			);
			defaultConfigurationIsVisible = 0;
			defaultConfigurationName = Release;
		};
		F8B11AED28F45826005DE5D5 /* Build configuration list for PBXNativeTarget "Individual-ChallengeTests" */ = {
			isa = XCConfigurationList;
			buildConfigurations = (
				F8B11AEE28F45826005DE5D5 /* Debug */,
				F8B11AEF28F45826005DE5D5 /* Release */,
			);
			defaultConfigurationIsVisible = 0;
			defaultConfigurationName = Release;
		};
		F8B11AF028F45826005DE5D5 /* Build configuration list for PBXNativeTarget "Individual-ChallengeUITests" */ = {
			isa = XCConfigurationList;
			buildConfigurations = (
				F8B11AF128F45826005DE5D5 /* Debug */,
				F8B11AF228F45826005DE5D5 /* Release */,
			);
			defaultConfigurationIsVisible = 0;
			defaultConfigurationName = Release;
		};
/* End XCConfigurationList section */

/* Begin XCRemoteSwiftPackageReference section */
		F8B11B0E28F9EA6A005DE5D5 /* XCRemoteSwiftPackageReference "lottie-ios" */ = {
			isa = XCRemoteSwiftPackageReference;
			repositoryURL = "https://github.com/airbnb/lottie-ios";
			requirement = {
				branch = master;
				kind = branch;
			};
		};
/* End XCRemoteSwiftPackageReference section */

/* Begin XCSwiftPackageProductDependency section */
		F8B11B0F28F9EA6A005DE5D5 /* Lottie */ = {
			isa = XCSwiftPackageProductDependency;
			package = F8B11B0E28F9EA6A005DE5D5 /* XCRemoteSwiftPackageReference "lottie-ios" */;
			productName = Lottie;
		};
/* End XCSwiftPackageProductDependency section */

/* Begin XCVersionGroup section */
		F8B11AC928F45825005DE5D5 /* Individual_Challenge.xcdatamodeld */ = {
			isa = XCVersionGroup;
			children = (
				F8B11ACA28F45825005DE5D5 /* Individual_Challenge.xcdatamodel */,
			);
			currentVersion = F8B11ACA28F45825005DE5D5 /* Individual_Challenge.xcdatamodel */;
			path = Individual_Challenge.xcdatamodeld;
			sourceTree = "<group>";
			versionGroupType = wrapper.xcdatamodel;
		};
/* End XCVersionGroup section */
	};
	rootObject = F8B11AB528F45825005DE5D5 /* Project object */;
}
